<?xml version="1.0" encoding="utf-8"?>
<Project ToolsVersion="4.0" xmlns="http://schemas.microsoft.com/developer/msbuild/2003">
  <ItemGroup>
    <Filter Include="Source Files">
      <UniqueIdentifier>{4FC737F1-C7A5-4376-A066-2A32D752A2FF}</UniqueIdentifier>
      <Extensions>cpp;cxx;c;def</Extensions>
    </Filter>
    <Filter Include="Header Files">
      <UniqueIdentifier>{93995380-89BD-4b04-88EB-625FBE52EBFB}</UniqueIdentifier>
      <Extensions>h</Extensions>
    </Filter>
    <Filter Include="Form Files">
      <UniqueIdentifier>{99349809-55BA-4b9d-BF79-8FDBB0286EB3}</UniqueIdentifier>
      <Extensions>ui</Extensions>
    </Filter>
    <Filter Include="Resource Files">
      <UniqueIdentifier>{D9D6E242-F8AF-46E4-B9FD-80ECBC20BA3E}</UniqueIdentifier>
      <Extensions>qrc;*</Extensions>
      <ParseFiles>false</ParseFiles>
    </Filter>
    <Filter Include="Generated Files">
      <UniqueIdentifier>{71ED8ED8-ACB9-4CE9-BBE1-E00B30144E11}</UniqueIdentifier>
      <Extensions>moc;h;cpp</Extensions>
      <SourceControlFiles>False</SourceControlFiles>
    </Filter>
    <Filter Include="Generated Files\Debug">
      <UniqueIdentifier>{51e4cccf-cda5-4941-a88f-6b5c9d74bcca}</UniqueIdentifier>
      <Extensions>cpp;moc</Extensions>
      <SourceControlFiles>False</SourceControlFiles>
    </Filter>
    <Filter Include="Generated Files\Release">
      <UniqueIdentifier>{e8c27d63-efe9-44f8-bd1d-31702636b232}</UniqueIdentifier>
      <Extensions>cpp;moc</Extensions>
      <SourceControlFiles>False</SourceControlFiles>
    </Filter>
  </ItemGroup>
  <ItemGroup>
    <ClCompile Include="main.cpp">
      <Filter>Source Files</Filter>
    </ClCompile>
    <ClCompile Include="pcw.cpp">
      <Filter>Source Files</Filter>
    </ClCompile>
    <ClCompile Include="GeneratedFiles\Debug\moc_pcw.cpp">
      <Filter>Generated Files\Debug</Filter>
    </ClCompile>
    <ClCompile Include="GeneratedFiles\Release\moc_pcw.cpp">
      <Filter>Generated Files\Release</Filter>
    </ClCompile>
    <ClCompile Include="GeneratedFiles\qrc_pcw.cpp">
      <Filter>Generated Files</Filter>
    </ClCompile>
    <ClCompile Include="lasFile.cpp">
      <Filter>Source Files</Filter>
    </ClCompile>
    <ClCompile Include="lasDataDlg.cpp">
      <Filter>Source Files</Filter>
    </ClCompile>
    <ClCompile Include="GeneratedFiles\Debug\moc_lasDataDlg.cpp">
      <Filter>Generated Files\Debug</Filter>
    </ClCompile>
    <ClCompile Include="GeneratedFiles\Release\moc_lasDataDlg.cpp">
      <Filter>Generated Files\Release</Filter>
    </ClCompile>
    <ClCompile Include="txtFile.cpp">
      <Filter>Source Files</Filter>
    </ClCompile>
    <ClCompile Include="dxfFile.cpp">
      <Filter>Source Files</Filter>
    </ClCompile>
    <ClCompile Include="vtkWindows.cpp">
      <Filter>Source Files</Filter>
    </ClCompile>
    <ClCompile Include="GeneratedFiles\Release\moc_vtkWindows.cpp">
      <Filter>Generated Files\Release</Filter>
    </ClCompile>
    <ClCompile Include="GeneratedFiles\Debug\moc_vtkWindows.cpp">
      <Filter>Generated Files\Debug</Filter>
    </ClCompile>
    <ClCompile Include="objFile.cpp">
      <Filter>Source Files</Filter>
    </ClCompile>
    <ClCompile Include="ascFile.cpp">
      <Filter>Source Files</Filter>
    </ClCompile>
    <ClCompile Include="glWindows.cpp">
      <Filter>Source Files</Filter>
    </ClCompile>
    <ClCompile Include="PointCloud.cpp">
      <Filter>Source Files</Filter>
    </ClCompile>
    <ClCompile Include="FileIO.cpp">
      <Filter>Source Files</Filter>
    </ClCompile>
  </ItemGroup>
  <ItemGroup>
    <CustomBuild Include="pcw.h">
      <Filter>Header Files</Filter>
    </CustomBuild>
    <CustomBuild Include="pcw.ui">
      <Filter>Form Files</Filter>
    </CustomBuild>
    <CustomBuild Include="pcw.qrc">
      <Filter>Resource Files</Filter>
    </CustomBuild>
    <CustomBuild Include="lasDataDlg.h">
      <Filter>Header Files</Filter>
    </CustomBuild>
    <CustomBuild Include="lasDataDlg.ui">
      <Filter>Form Files</Filter>
    </CustomBuild>
    <CustomBuild Include="vtkWindows.h">
      <Filter>Header Files</Filter>
    </CustomBuild>
    <CustomBuild Include="glWindows.h">
      <Filter>Header Files</Filter>
    </CustomBuild>
  </ItemGroup>
  <ItemGroup>
    <ClInclude Include="GeneratedFiles\ui_pcw.h">
      <Filter>Generated Files</Filter>
    </ClInclude>
    <ClInclude Include="lasFile.h">
      <Filter>Header Files</Filter>
    </ClInclude>
    <ClInclude Include="GeneratedFiles\ui_lasDataDlg.h">
      <Filter>Generated Files</Filter>
    </ClInclude>
    <ClInclude Include="txtFile.h">
      <Filter>Header Files</Filter>
    </ClInclude>
    <ClInclude Include="dxfFile.h">
      <Filter>Header Files</Filter>
    </ClInclude>
    <ClInclude Include="objFile.h">
      <Filter>Header Files</Filter>
    </ClInclude>
    <ClInclude Include="ascFile.h">
      <Filter>Header Files</Filter>
    </ClInclude>
    <ClInclude Include="PointCloud.h">
      <Filter>Header Files</Filter>
    </ClInclude>
    <ClInclude Include="FileIO.h">
      <Filter>Header Files</Filter>
    </ClInclude>
  </ItemGroup>
  <ItemGroup>
    <ResourceCompile Include="Real-time PointCloudWare.rc" />
  </ItemGroup>
</Project>